
Microsoft Visual Studio Solution File, Format Version 12.00
Project("{FAE04EC0-301F-11D3-BF4B-00C04F79EFBC}") = "Console_Calculator", "Console_Calculator\Console_Calculator.csproj", "{F6D08140-9C95-48B0-8BB6-261F1B25CEAB}"
EndProject
Project("{FAE04EC0-301F-11D3-BF4B-00C04F79EFBC}") = "RPN_Logic", "RPN_Logic\RPN_Logic.csproj", "{D832C009-6C9A-4007-B680-A61AF03A8620}"
EndProject
Project("{FAE04EC0-301F-11D3-BF4B-00C04F79EFBC}") = "WPF_Graph", "WPF_Graph\WPF_Graph.csproj", "{A594ADC0-C2C0-4817-A60B-7D36131694FF}"
EndProject
Global
	GlobalSection(SolutionConfigurationPlatforms) = preSolution
		Debug|Any CPU = Debug|Any CPU
		Release|Any CPU = Release|Any CPU
	EndGlobalSection
	GlobalSection(ProjectConfigurationPlatforms) = postSolution
		{F6D08140-9C95-48B0-8BB6-261F1B25CEAB}.Debug|Any CPU.ActiveCfg = Debug|Any CPU
		{F6D08140-9C95-48B0-8BB6-261F1B25CEAB}.Debug|Any CPU.Build.0 = Debug|Any CPU
		{F6D08140-9C95-48B0-8BB6-261F1B25CEAB}.Release|Any CPU.ActiveCfg = Release|Any CPU
		{F6D08140-9C95-48B0-8BB6-261F1B25CEAB}.Release|Any CPU.Build.0 = Release|Any CPU
		{D832C009-6C9A-4007-B680-A61AF03A8620}.Debug|Any CPU.ActiveCfg = Debug|Any CPU
		{D832C009-6C9A-4007-B680-A61AF03A8620}.Debug|Any CPU.Build.0 = Debug|Any CPU
		{D832C009-6C9A-4007-B680-A61AF03A8620}.Release|Any CPU.ActiveCfg = Release|Any CPU
		{D832C009-6C9A-4007-B680-A61AF03A8620}.Release|Any CPU.Build.0 = Release|Any CPU
		{A594ADC0-C2C0-4817-A60B-7D36131694FF}.Debug|Any CPU.ActiveCfg = Debug|Any CPU
		{A594ADC0-C2C0-4817-A60B-7D36131694FF}.Debug|Any CPU.Build.0 = Debug|Any CPU
		{A594ADC0-C2C0-4817-A60B-7D36131694FF}.Release|Any CPU.ActiveCfg = Release|Any CPU
		{A594ADC0-C2C0-4817-A60B-7D36131694FF}.Release|Any CPU.Build.0 = Release|Any CPU
	EndGlobalSection
EndGlobal
