
Microsoft Visual Studio Solution File, Format Version 12.00
Project("{FAE04EC0-301F-11D3-BF4B-00C04F79EFBC}") = "FirstVariant", "FirstVariant\FirstVariant.csproj", "{CD0EF203-B32D-4579-8060-ED5826186186}"
EndProject
Project("{FAE04EC0-301F-11D3-BF4B-00C04F79EFBC}") = "test", "test\test.csproj", "{F6D08140-9C95-48B0-8BB6-261F1B25CEAB}"
EndProject
Project("{FAE04EC0-301F-11D3-BF4B-00C04F79EFBC}") = "WithRPN", "WithRPN\WithRPN.csproj", "{04E62CA4-F2BD-4FBC-8117-97C48BF6C37B}"
EndProject
Global
	GlobalSection(SolutionConfigurationPlatforms) = preSolution
		Debug|Any CPU = Debug|Any CPU
		Release|Any CPU = Release|Any CPU
	EndGlobalSection
	GlobalSection(ProjectConfigurationPlatforms) = postSolution
		{CD0EF203-B32D-4579-8060-ED5826186186}.Debug|Any CPU.ActiveCfg = Debug|Any CPU
		{CD0EF203-B32D-4579-8060-ED5826186186}.Debug|Any CPU.Build.0 = Debug|Any CPU
		{CD0EF203-B32D-4579-8060-ED5826186186}.Release|Any CPU.ActiveCfg = Release|Any CPU
		{CD0EF203-B32D-4579-8060-ED5826186186}.Release|Any CPU.Build.0 = Release|Any CPU
		{F6D08140-9C95-48B0-8BB6-261F1B25CEAB}.Debug|Any CPU.ActiveCfg = Debug|Any CPU
		{F6D08140-9C95-48B0-8BB6-261F1B25CEAB}.Debug|Any CPU.Build.0 = Debug|Any CPU
		{F6D08140-9C95-48B0-8BB6-261F1B25CEAB}.Release|Any CPU.ActiveCfg = Release|Any CPU
		{F6D08140-9C95-48B0-8BB6-261F1B25CEAB}.Release|Any CPU.Build.0 = Release|Any CPU
		{04E62CA4-F2BD-4FBC-8117-97C48BF6C37B}.Debug|Any CPU.ActiveCfg = Debug|Any CPU
		{04E62CA4-F2BD-4FBC-8117-97C48BF6C37B}.Debug|Any CPU.Build.0 = Debug|Any CPU
		{04E62CA4-F2BD-4FBC-8117-97C48BF6C37B}.Release|Any CPU.ActiveCfg = Release|Any CPU
		{04E62CA4-F2BD-4FBC-8117-97C48BF6C37B}.Release|Any CPU.Build.0 = Release|Any CPU
	EndGlobalSection
EndGlobal
