
Microsoft Visual Studio Solution File, Format Version 12.00
Project("{FAE04EC0-301F-11D3-BF4B-00C04F79EFBC}") = "WithClass5lab", "WithClass5lab\WithClass5lab.csproj", "{F6D08140-9C95-48B0-8BB6-261F1B25CEAB}"
EndProject
Project("{FAE04EC0-301F-11D3-BF4B-00C04F79EFBC}") = "WithRPN 4lab", "WithRPN 4lab\WithRPN 4lab.csproj", "{04E62CA4-F2BD-4FBC-8117-97C48BF6C37B}"
EndProject
Project("{FAE04EC0-301F-11D3-BF4B-00C04F79EFBC}") = "WithWPF", "WithWPF\WithWPF.csproj", "{D187C10D-A8AF-494D-99CA-26971F45AF98}"
EndProject
Project("{FAE04EC0-301F-11D3-BF4B-00C04F79EFBC}") = "RPN_Logic", "RPN_Logic\RPN_Logic.csproj", "{D832C009-6C9A-4007-B680-A61AF03A8620}"
EndProject
Global
	GlobalSection(SolutionConfigurationPlatforms) = preSolution
		Debug|Any CPU = Debug|Any CPU
		Release|Any CPU = Release|Any CPU
	EndGlobalSection
	GlobalSection(ProjectConfigurationPlatforms) = postSolution
		{F6D08140-9C95-48B0-8BB6-261F1B25CEAB}.Debug|Any CPU.ActiveCfg = Debug|Any CPU
		{F6D08140-9C95-48B0-8BB6-261F1B25CEAB}.Debug|Any CPU.Build.0 = Debug|Any CPU
		{F6D08140-9C95-48B0-8BB6-261F1B25CEAB}.Release|Any CPU.ActiveCfg = Release|Any CPU
		{F6D08140-9C95-48B0-8BB6-261F1B25CEAB}.Release|Any CPU.Build.0 = Release|Any CPU
		{04E62CA4-F2BD-4FBC-8117-97C48BF6C37B}.Debug|Any CPU.ActiveCfg = Debug|Any CPU
		{04E62CA4-F2BD-4FBC-8117-97C48BF6C37B}.Debug|Any CPU.Build.0 = Debug|Any CPU
		{04E62CA4-F2BD-4FBC-8117-97C48BF6C37B}.Release|Any CPU.ActiveCfg = Release|Any CPU
		{04E62CA4-F2BD-4FBC-8117-97C48BF6C37B}.Release|Any CPU.Build.0 = Release|Any CPU
		{D187C10D-A8AF-494D-99CA-26971F45AF98}.Debug|Any CPU.ActiveCfg = Debug|Any CPU
		{D187C10D-A8AF-494D-99CA-26971F45AF98}.Debug|Any CPU.Build.0 = Debug|Any CPU
		{D187C10D-A8AF-494D-99CA-26971F45AF98}.Release|Any CPU.ActiveCfg = Release|Any CPU
		{D187C10D-A8AF-494D-99CA-26971F45AF98}.Release|Any CPU.Build.0 = Release|Any CPU
		{D832C009-6C9A-4007-B680-A61AF03A8620}.Debug|Any CPU.ActiveCfg = Debug|Any CPU
		{D832C009-6C9A-4007-B680-A61AF03A8620}.Debug|Any CPU.Build.0 = Debug|Any CPU
		{D832C009-6C9A-4007-B680-A61AF03A8620}.Release|Any CPU.ActiveCfg = Release|Any CPU
		{D832C009-6C9A-4007-B680-A61AF03A8620}.Release|Any CPU.Build.0 = Release|Any CPU
	EndGlobalSection
EndGlobal
